
Microsoft Visual Studio Solution File, Format Version 12.00
# Visual Studio Version 17
VisualStudioVersion = 17.9.34723.18
MinimumVisualStudioVersion = 10.0.40219.1
Project("{FAE04EC0-301F-11D3-BF4B-00C04F79EFBC}") = "Employee_registration", "Employee_registration\Employee_registration.csproj", "{0CA3B317-63A5-4ECC-89DA-8C051282C78E}"
EndProject
Global
	GlobalSection(SolutionConfigurationPlatforms) = preSolution
		Debug|Any CPU = Debug|Any CPU
		Release|Any CPU = Release|Any CPU
	EndGlobalSection
	GlobalSection(ProjectConfigurationPlatforms) = postSolution
		{0CA3B317-63A5-4ECC-89DA-8C051282C78E}.Debug|Any CPU.ActiveCfg = Debug|Any CPU
		{0CA3B317-63A5-4ECC-89DA-8C051282C78E}.Debug|Any CPU.Build.0 = Debug|Any CPU
		{0CA3B317-63A5-4ECC-89DA-8C051282C78E}.Release|Any CPU.ActiveCfg = Release|Any CPU
		{0CA3B317-63A5-4ECC-89DA-8C051282C78E}.Release|Any CPU.Build.0 = Release|Any CPU
	EndGlobalSection
	GlobalSection(SolutionProperties) = preSolution
		HideSolutionNode = FALSE
	EndGlobalSection
	GlobalSection(ExtensibilityGlobals) = postSolution
		SolutionGuid = {00525661-CAA8-4297-932E-720F10618F69}
	EndGlobalSection
EndGlobal
